// !$*UTF8*$!
{
	archiveVersion = 1;
	classes = {
	};
	objectVersion = 50;
	objects = {

/* Begin PBXBuildFile section */
		9BE9A884F81AFA540ED4B45C /* Pods_FirebaseDemoApp.framework in Frameworks */ = {isa = PBXBuildFile; fileRef = C4F86A3A40C18834B8B3D77E /* Pods_FirebaseDemoApp.framework */; };
		E41363EC221A390800064941 /* Main.storyboard in Resources */ = {isa = PBXBuildFile; fileRef = E41363EA221A390800064941 /* Main.storyboard */; };
		E41363EE221A390A00064941 /* Assets.xcassets in Resources */ = {isa = PBXBuildFile; fileRef = E41363ED221A390A00064941 /* Assets.xcassets */; };
		E41363F1221A390A00064941 /* LaunchScreen.storyboard in Resources */ = {isa = PBXBuildFile; fileRef = E41363EF221A390A00064941 /* LaunchScreen.storyboard */; };
		E41363FC221A3AF600064941 /* Bootstrap.storyboard in Resources */ = {isa = PBXBuildFile; fileRef = E41363F9221A3AF600064941 /* Bootstrap.storyboard */; };
		E41363FD221A3AF600064941 /* BootstrapViewController.swift in Sources */ = {isa = PBXBuildFile; fileRef = E41363FA221A3AF600064941 /* BootstrapViewController.swift */; };
		E41363FE221A3AF600064941 /* AppDelegate.swift in Sources */ = {isa = PBXBuildFile; fileRef = E41363FB221A3AF600064941 /* AppDelegate.swift */; };
/* End PBXBuildFile section */

/* Begin PBXFileReference section */
		15D1B76999932D909107DCE0 /* Pods-FirebaseDemoApp.release.xcconfig */ = {isa = PBXFileReference; includeInIndex = 1; lastKnownFileType = text.xcconfig; name = "Pods-FirebaseDemoApp.release.xcconfig"; path = "Pods/Target Support Files/Pods-FirebaseDemoApp/Pods-FirebaseDemoApp.release.xcconfig"; sourceTree = "<group>"; };
		3040905FB98F7F95E016D290 /* Pods-FirebaseDemoApp.debug.xcconfig */ = {isa = PBXFileReference; includeInIndex = 1; lastKnownFileType = text.xcconfig; name = "Pods-FirebaseDemoApp.debug.xcconfig"; path = "Pods/Target Support Files/Pods-FirebaseDemoApp/Pods-FirebaseDemoApp.debug.xcconfig"; sourceTree = "<group>"; };
		C4F86A3A40C18834B8B3D77E /* Pods_FirebaseDemoApp.framework */ = {isa = PBXFileReference; explicitFileType = wrapper.framework; includeInIndex = 0; path = Pods_FirebaseDemoApp.framework; sourceTree = BUILT_PRODUCTS_DIR; };
		E41363E3221A390800064941 /* FirebaseDemoApp.app */ = {isa = PBXFileReference; explicitFileType = wrapper.application; includeInIndex = 0; path = FirebaseDemoApp.app; sourceTree = BUILT_PRODUCTS_DIR; };
		E41363EB221A390800064941 /* Base */ = {isa = PBXFileReference; lastKnownFileType = file.storyboard; name = Base; path = Base.lproj/Main.storyboard; sourceTree = "<group>"; };
		E41363ED221A390A00064941 /* Assets.xcassets */ = {isa = PBXFileReference; lastKnownFileType = folder.assetcatalog; path = Assets.xcassets; sourceTree = "<group>"; };
		E41363F0221A390A00064941 /* Base */ = {isa = PBXFileReference; lastKnownFileType = file.storyboard; name = Base; path = Base.lproj/LaunchScreen.storyboard; sourceTree = "<group>"; };
		E41363F2221A390A00064941 /* Info.plist */ = {isa = PBXFileReference; lastKnownFileType = text.plist.xml; path = Info.plist; sourceTree = "<group>"; };
		E41363F9221A3AF600064941 /* Bootstrap.storyboard */ = {isa = PBXFileReference; fileEncoding = 4; lastKnownFileType = file.storyboard; path = Bootstrap.storyboard; sourceTree = "<group>"; };
		E41363FA221A3AF600064941 /* BootstrapViewController.swift */ = {isa = PBXFileReference; fileEncoding = 4; lastKnownFileType = sourcecode.swift; path = BootstrapViewController.swift; sourceTree = "<group>"; };
		E41363FB221A3AF600064941 /* AppDelegate.swift */ = {isa = PBXFileReference; fileEncoding = 4; lastKnownFileType = sourcecode.swift; path = AppDelegate.swift; sourceTree = "<group>"; };
/* End PBXFileReference section */

/* Begin PBXFrameworksBuildPhase section */
		E41363E0221A390800064941 /* Frameworks */ = {
			isa = PBXFrameworksBuildPhase;
			buildActionMask = 2147483647;
			files = (
				9BE9A884F81AFA540ED4B45C /* Pods_FirebaseDemoApp.framework in Frameworks */,
			);
			runOnlyForDeploymentPostprocessing = 0;
		};
/* End PBXFrameworksBuildPhase section */

/* Begin PBXGroup section */
		2FF349260C0223A643B2852B /* Pods */ = {
			isa = PBXGroup;
			children = (
				3040905FB98F7F95E016D290 /* Pods-FirebaseDemoApp.debug.xcconfig */,
				15D1B76999932D909107DCE0 /* Pods-FirebaseDemoApp.release.xcconfig */,
			);
			name = Pods;
			sourceTree = "<group>";
		};
		901300BD8E6BAC2BF15CC94A /* Frameworks */ = {
			isa = PBXGroup;
			children = (
				C4F86A3A40C18834B8B3D77E /* Pods_FirebaseDemoApp.framework */,
			);
			name = Frameworks;
			sourceTree = "<group>";
		};
		E41363DA221A390800064941 = {
			isa = PBXGroup;
			children = (
				E41363F8221A3AF600064941 /* Sources */,
				E41363E5221A390800064941 /* FirebaseDemoApp */,
				E41363E4221A390800064941 /* Products */,
				2FF349260C0223A643B2852B /* Pods */,
				901300BD8E6BAC2BF15CC94A /* Frameworks */,
			);
			sourceTree = "<group>";
		};
		E41363E4221A390800064941 /* Products */ = {
			isa = PBXGroup;
			children = (
				E41363E3221A390800064941 /* FirebaseDemoApp.app */,
			);
			name = Products;
			sourceTree = "<group>";
		};
		E41363E5221A390800064941 /* FirebaseDemoApp */ = {
			isa = PBXGroup;
			children = (
				E41363EA221A390800064941 /* Main.storyboard */,
				E41363ED221A390A00064941 /* Assets.xcassets */,
				E41363EF221A390A00064941 /* LaunchScreen.storyboard */,
				E41363F2221A390A00064941 /* Info.plist */,
			);
			path = FirebaseDemoApp;
			sourceTree = "<group>";
		};
		E41363F8221A3AF600064941 /* Sources */ = {
			isa = PBXGroup;
			children = (
				E41363F9221A3AF600064941 /* Bootstrap.storyboard */,
				E41363FA221A3AF600064941 /* BootstrapViewController.swift */,
				E41363FB221A3AF600064941 /* AppDelegate.swift */,
			);
			name = Sources;
			path = FirebaseDemoApp/Sources;
			sourceTree = "<group>";
		};
/* End PBXGroup section */

/* Begin PBXNativeTarget section */
		E41363E2221A390800064941 /* FirebaseDemoApp */ = {
			isa = PBXNativeTarget;
			buildConfigurationList = E41363F5221A390A00064941 /* Build configuration list for PBXNativeTarget "FirebaseDemoApp" */;
			buildPhases = (
				D9A499624C755A0DACA05D75 /* [CP] Check Pods Manifest.lock */,
				E41363DF221A390800064941 /* Sources */,
				E41363E0221A390800064941 /* Frameworks */,
				E41363E1221A390800064941 /* Resources */,
			);
			buildRules = (
			);
			dependencies = (
			);
			name = FirebaseDemoApp;
			productName = FirebaseDemoApp;
			productReference = E41363E3221A390800064941 /* FirebaseDemoApp.app */;
			productType = "com.apple.product-type.application";
		};
/* End PBXNativeTarget section */

/* Begin PBXProject section */
		E41363DB221A390800064941 /* Project object */ = {
			isa = PBXProject;
			attributes = {
				LastSwiftUpdateCheck = 1010;
				LastUpgradeCheck = 1010;
				ORGANIZATIONNAME = yuichi.nakayasu;
				TargetAttributes = {
					E41363E2221A390800064941 = {
						CreatedOnToolsVersion = 10.1;
					};
				};
			};
			buildConfigurationList = E41363DE221A390800064941 /* Build configuration list for PBXProject "FirebaseDemoApp" */;
			compatibilityVersion = "Xcode 9.3";
			developmentRegion = en;
			hasScannedForEncodings = 0;
			knownRegions = (
				en,
				Base,
			);
			mainGroup = E41363DA221A390800064941;
			productRefGroup = E41363E4221A390800064941 /* Products */;
			projectDirPath = "";
			projectRoot = "";
			targets = (
				E41363E2221A390800064941 /* FirebaseDemoApp */,
			);
		};
/* End PBXProject section */

/* Begin PBXResourcesBuildPhase section */
		E41363E1221A390800064941 /* Resources */ = {
			isa = PBXResourcesBuildPhase;
			buildActionMask = 2147483647;
			files = (
				E41363F1221A390A00064941 /* LaunchScreen.storyboard in Resources */,
				E41363FC221A3AF600064941 /* Bootstrap.storyboard in Resources */,
				E41363EE221A390A00064941 /* Assets.xcassets in Resources */,
				E41363EC221A390800064941 /* Main.storyboard in Resources */,
			);
			runOnlyForDeploymentPostprocessing = 0;
		};
/* End PBXResourcesBuildPhase section */

/* Begin PBXShellScriptBuildPhase section */
		D9A499624C755A0DACA05D75 /* [CP] Check Pods Manifest.lock */ = {
			isa = PBXShellScriptBuildPhase;
			buildActionMask = 2147483647;
			files = (
			);
			inputFileListPaths = (
			);
			inputPaths = (
				"${PODS_PODFILE_DIR_PATH}/Podfile.lock",
				"${PODS_ROOT}/Manifest.lock",
			);
			name = "[CP] Check Pods Manifest.lock";
			outputFileListPaths = (
			);
			outputPaths = (
				"$(DERIVED_FILE_DIR)/Pods-FirebaseDemoApp-checkManifestLockResult.txt",
			);
			runOnlyForDeploymentPostprocessing = 0;
			shellPath = /bin/sh;
			shellScript = "diff \"${PODS_PODFILE_DIR_PATH}/Podfile.lock\" \"${PODS_ROOT}/Manifest.lock\" > /dev/null\nif [ $? != 0 ] ; then\n    # print error to STDERR\n    echo \"error: The sandbox is not in sync with the Podfile.lock. Run 'pod install' or update your CocoaPods installation.\" >&2\n    exit 1\nfi\n# This output is used by Xcode 'outputs' to avoid re-running this script phase.\necho \"SUCCESS\" > \"${SCRIPT_OUTPUT_FILE_0}\"\n";
			showEnvVarsInLog = 0;
		};
/* End PBXShellScriptBuildPhase section */

/* Begin PBXSourcesBuildPhase section */
		E41363DF221A390800064941 /* Sources */ = {
			isa = PBXSourcesBuildPhase;
			buildActionMask = 2147483647;
			files = (
				E41363FE221A3AF600064941 /* AppDelegate.swift in Sources */,
				E41363FD221A3AF600064941 /* BootstrapViewController.swift in Sources */,
			);
			runOnlyForDeploymentPostprocessing = 0;
		};
/* End PBXSourcesBuildPhase section */

/* Begin PBXVariantGroup section */
		E41363EA221A390800064941 /* Main.storyboard */ = {
			isa = PBXVariantGroup;
			children = (
				E41363EB221A390800064941 /* Base */,
			);
			name = Main.storyboard;
			sourceTree = "<group>";
		};
		E41363EF221A390A00064941 /* LaunchScreen.storyboard */ = {
			isa = PBXVariantGroup;
			children = (
				E41363F0221A390A00064941 /* Base */,
			);
			name = LaunchScreen.storyboard;
			sourceTree = "<group>";
		};
/* End PBXVariantGroup section */

/* Begin XCBuildConfiguration section */
		E41363F3221A390A00064941 /* Debug */ = {
			isa = XCBuildConfiguration;
			buildSettings = {
				ALWAYS_SEARCH_USER_PATHS = NO;
				CLANG_ANALYZER_NONNULL = YES;
				CLANG_ANALYZER_NUMBER_OBJECT_CONVERSION = YES_AGGRESSIVE;
				CLANG_CXX_LANGUAGE_STANDARD = "gnu++14";
				CLANG_CXX_LIBRARY = "libc++";
				CLANG_ENABLE_MODULES = YES;
				CLANG_ENABLE_OBJC_ARC = YES;
				CLANG_ENABLE_OBJC_WEAK = YES;
				CLANG_WARN_BLOCK_CAPTURE_AUTORELEASING = YES;
				CLANG_WARN_BOOL_CONVERSION = YES;
				CLANG_WARN_COMMA = YES;
				CLANG_WARN_CONSTANT_CONVERSION = YES;
				CLANG_WARN_DEPRECATED_OBJC_IMPLEMENTATIONS = YES;
				CLANG_WARN_DIRECT_OBJC_ISA_USAGE = YES_ERROR;
				CLANG_WARN_DOCUMENTATION_COMMENTS = YES;
				CLANG_WARN_EMPTY_BODY = YES;
				CLANG_WARN_ENUM_CONVERSION = YES;
				CLANG_WARN_INFINITE_RECURSION = YES;
				CLANG_WARN_INT_CONVERSION = YES;
				CLANG_WARN_NON_LITERAL_NULL_CONVERSION = YES;
				CLANG_WARN_OBJC_IMPLICIT_RETAIN_SELF = YES;
				CLANG_WARN_OBJC_LITERAL_CONVERSION = YES;
				CLANG_WARN_OBJC_ROOT_CLASS = YES_ERROR;
				CLANG_WARN_RANGE_LOOP_ANALYSIS = YES;
				CLANG_WARN_STRICT_PROTOTYPES = YES;
				CLANG_WARN_SUSPICIOUS_MOVE = YES;
				CLANG_WARN_UNGUARDED_AVAILABILITY = YES_AGGRESSIVE;
				CLANG_WARN_UNREACHABLE_CODE = YES;
				CLANG_WARN__DUPLICATE_METHOD_MATCH = YES;
				CODE_SIGN_IDENTITY = "iPhone Developer";
				COPY_PHASE_STRIP = NO;
				DEBUG_INFORMATION_FORMAT = dwarf;
				ENABLE_STRICT_OBJC_MSGSEND = YES;
				ENABLE_TESTABILITY = YES;
				GCC_C_LANGUAGE_STANDARD = gnu11;
				GCC_DYNAMIC_NO_PIC = NO;
				GCC_NO_COMMON_BLOCKS = YES;
				GCC_OPTIMIZATION_LEVEL = 0;
				GCC_PREPROCESSOR_DEFINITIONS = (
					"DEBUG=1",
					"$(inherited)",
				);
				GCC_WARN_64_TO_32_BIT_CONVERSION = YES;
				GCC_WARN_ABOUT_RETURN_TYPE = YES_ERROR;
				GCC_WARN_UNDECLARED_SELECTOR = YES;
				GCC_WARN_UNINITIALIZED_AUTOS = YES_AGGRESSIVE;
				GCC_WARN_UNUSED_FUNCTION = YES;
				GCC_WARN_UNUSED_VARIABLE = YES;
				IPHONEOS_DEPLOYMENT_TARGET = 12.1;
				MTL_ENABLE_DEBUG_INFO = INCLUDE_SOURCE;
				MTL_FAST_MATH = YES;
				ONLY_ACTIVE_ARCH = YES;
				SDKROOT = iphoneos;
				SWIFT_ACTIVE_COMPILATION_CONDITIONS = DEBUG;
				SWIFT_OPTIMIZATION_LEVEL = "-Onone";
			};
			name = Debug;
		};
		E41363F4221A390A00064941 /* Release */ = {
			isa = XCBuildConfiguration;
			buildSettings = {
				ALWAYS_SEARCH_USER_PATHS = NO;
				CLANG_ANALYZER_NONNULL = YES;
				CLANG_ANALYZER_NUMBER_OBJECT_CONVERSION = YES_AGGRESSIVE;
				CLANG_CXX_LANGUAGE_STANDARD = "gnu++14";
				CLANG_CXX_LIBRARY = "libc++";
				CLANG_ENABLE_MODULES = YES;
				CLANG_ENABLE_OBJC_ARC = YES;
				CLANG_ENABLE_OBJC_WEAK = YES;
				CLANG_WARN_BLOCK_CAPTURE_AUTORELEASING = YES;
				CLANG_WARN_BOOL_CONVERSION = YES;
				CLANG_WARN_COMMA = YES;
				CLANG_WARN_CONSTANT_CONVERSION = YES;
				CLANG_WARN_DEPRECATED_OBJC_IMPLEMENTATIONS = YES;
				CLANG_WARN_DIRECT_OBJC_ISA_USAGE = YES_ERROR;
				CLANG_WARN_DOCUMENTATION_COMMENTS = YES;
				CLANG_WARN_EMPTY_BODY = YES;
				CLANG_WARN_ENUM_CONVERSION = YES;
				CLANG_WARN_INFINITE_RECURSION = YES;
				CLANG_WARN_INT_CONVERSION = YES;
				CLANG_WARN_NON_LITERAL_NULL_CONVERSION = YES;
				CLANG_WARN_OBJC_IMPLICIT_RETAIN_SELF = YES;
				CLANG_WARN_OBJC_LITERAL_CONVERSION = YES;
				CLANG_WARN_OBJC_ROOT_CLASS = YES_ERROR;
				CLANG_WARN_RANGE_LOOP_ANALYSIS = YES;
				CLANG_WARN_STRICT_PROTOTYPES = YES;
				CLANG_WARN_SUSPICIOUS_MOVE = YES;
				CLANG_WARN_UNGUARDED_AVAILABILITY = YES_AGGRESSIVE;
				CLANG_WARN_UNREACHABLE_CODE = YES;
				CLANG_WARN__DUPLICATE_METHOD_MATCH = YES;
				CODE_SIGN_IDENTITY = "iPhone Developer";
				COPY_PHASE_STRIP = NO;
				DEBUG_INFORMATION_FORMAT = "dwarf-with-dsym";
				ENABLE_NS_ASSERTIONS = NO;
				ENABLE_STRICT_OBJC_MSGSEND = YES;
				GCC_C_LANGUAGE_STANDARD = gnu11;
				GCC_NO_COMMON_BLOCKS = YES;
				GCC_WARN_64_TO_32_BIT_CONVERSION = YES;
				GCC_WARN_ABOUT_RETURN_TYPE = YES_ERROR;
				GCC_WARN_UNDECLARED_SELECTOR = YES;
				GCC_WARN_UNINITIALIZED_AUTOS = YES_AGGRESSIVE;
				GCC_WARN_UNUSED_FUNCTION = YES;
				GCC_WARN_UNUSED_VARIABLE = YES;
				IPHONEOS_DEPLOYMENT_TARGET = 12.1;
				MTL_ENABLE_DEBUG_INFO = NO;
				MTL_FAST_MATH = YES;
				SDKROOT = iphoneos;
				SWIFT_COMPILATION_MODE = wholemodule;
				SWIFT_OPTIMIZATION_LEVEL = "-O";
				VALIDATE_PRODUCT = YES;
			};
			name = Release;
		};
		E41363F6221A390A00064941 /* Debug */ = {
			isa = XCBuildConfiguration;
			baseConfigurationReference = 3040905FB98F7F95E016D290 /* Pods-FirebaseDemoApp.debug.xcconfig */;
			buildSettings = {
				ASSETCATALOG_COMPILER_APPICON_NAME = AppIcon;
				CODE_SIGN_STYLE = Automatic;
				DEVELOPMENT_TEAM = E62W3VPGQ5;
				INFOPLIST_FILE = FirebaseDemoApp/Info.plist;
				LD_RUNPATH_SEARCH_PATHS = (
					"$(inherited)",
					"@executable_path/Frameworks",
				);
				PRODUCT_BUNDLE_IDENTIFIER = jp.classmethod.yuichi.nakayasu.FirebaseDemoApp;
				PRODUCT_NAME = "$(TARGET_NAME)";
				SWIFT_VERSION = 4.2;
				TARGETED_DEVICE_FAMILY = 1;
			};
			name = Debug;
		};
		E41363F7221A390A00064941 /* Release */ = {
			isa = XCBuildConfiguration;
			baseConfigurationReference = 15D1B76999932D909107DCE0 /* Pods-FirebaseDemoApp.release.xcconfig */;
			buildSettings = {
				ASSETCATALOG_COMPILER_APPICON_NAME = AppIcon;
				CODE_SIGN_STYLE = Automatic;
				DEVELOPMENT_TEAM = E62W3VPGQ5;
				INFOPLIST_FILE = FirebaseDemoApp/Info.plist;
				LD_RUNPATH_SEARCH_PATHS = (
					"$(inherited)",
					"@executable_path/Frameworks",
				);
				PRODUCT_BUNDLE_IDENTIFIER = jp.classmethod.yuichi.nakayasu.FirebaseDemoApp;
				PRODUCT_NAME = "$(TARGET_NAME)";
				SWIFT_VERSION = 4.2;
				TARGETED_DEVICE_FAMILY = 1;
			};
			name = Release;
		};
/* End XCBuildConfiguration section */

/* Begin XCConfigurationList section */
		E41363DE221A390800064941 /* Build configuration list for PBXProject "FirebaseDemoApp" */ = {
			isa = XCConfigurationList;
			buildConfigurations = (
				E41363F3221A390A00064941 /* Debug */,
				E41363F4221A390A00064941 /* Release */,
			);
			defaultConfigurationIsVisible = 0;
			defaultConfigurationName = Release;
		};
		E41363F5221A390A00064941 /* Build configuration list for PBXNativeTarget "FirebaseDemoApp" */ = {
			isa = XCConfigurationList;
			buildConfigurations = (
				E41363F6221A390A00064941 /* Debug */,
				E41363F7221A390A00064941 /* Release */,
			);
			defaultConfigurationIsVisible = 0;
			defaultConfigurationName = Release;
		};
/* End XCConfigurationList section */
	};
	rootObject = E41363DB221A390800064941 /* Project object */;
}
